
Microsoft Visual Studio Solution File, Format Version 12.00
# Visual Studio 15
VisualStudioVersion = 15.0.27428.2005
MinimumVisualStudioVersion = 10.0.40219.1
Project("{FAE04EC0-301F-11D3-BF4B-00C04F79EFBC}") = "Akcija", "Akcija\Akcija.csproj", "{89262CF6-1E79-4ED1-B5B8-9057577DD2C7}"
EndProject
Global
	GlobalSection(SolutionConfigurationPlatforms) = preSolution
		Debug|Any CPU = Debug|Any CPU
		Release|Any CPU = Release|Any CPU
	EndGlobalSection
	GlobalSection(ProjectConfigurationPlatforms) = postSolution
		{89262CF6-1E79-4ED1-B5B8-9057577DD2C7}.Debug|Any CPU.ActiveCfg = Debug|Any CPU
		{89262CF6-1E79-4ED1-B5B8-9057577DD2C7}.Debug|Any CPU.Build.0 = Debug|Any CPU
		{89262CF6-1E79-4ED1-B5B8-9057577DD2C7}.Release|Any CPU.ActiveCfg = Release|Any CPU
		{89262CF6-1E79-4ED1-B5B8-9057577DD2C7}.Release|Any CPU.Build.0 = Release|Any CPU
	EndGlobalSection
	GlobalSection(SolutionProperties) = preSolution
		HideSolutionNode = FALSE
	EndGlobalSection
	GlobalSection(ExtensibilityGlobals) = postSolution
		SolutionGuid = {14DBBAE7-B368-4D8B-956A-EA2C1F4D21E8}
	EndGlobalSection
EndGlobal
